<?xml version="1.0" encoding="UTF-8"?>
<Scheme
   LastUpgradeVersion = "0720"
   version = "1.3">
   <BuildAction
      parallelizeBuildables = "YES"
      buildImplicitDependencies = "YES">
      <BuildActionEntries>
         <BuildActionEntry
            buildForTesting = "YES"
            buildForRunning = "YES"
            buildForProfiling = "YES"
            buildForArchiving = "YES"
            buildForAnalyzing = "YES">
            <BuildableReference
               BuildableIdentifier = "primary"
               BlueprintIdentifier = "076557281C8C99DF00D92B22"
               BuildableName = "OS Scheduler Lab"
               BlueprintName = "OS Scheduler Lab"
               ReferencedContainer = "container:OS Scheduler Lab.xcodeproj">
            </BuildableReference>
         </BuildActionEntry>
      </BuildActionEntries>
   </BuildAction>
   <TestAction
      buildConfiguration = "Debug"
      selectedDebuggerIdentifier = "Xcode.DebuggerFoundation.Debugger.LLDB"
      selectedLauncherIdentifier = "Xcode.DebuggerFoundation.Launcher.LLDB"
      shouldUseLaunchSchemeArgsEnv = "YES">
      <Testables>
      </Testables>
      <MacroExpansion>
         <BuildableReference
            BuildableIdentifier = "primary"
            BlueprintIdentifier = "076557281C8C99DF00D92B22"
            BuildableName = "OS Scheduler Lab"
            BlueprintName = "OS Scheduler Lab"
            ReferencedContainer = "container:OS Scheduler Lab.xcodeproj">
         </BuildableReference>
      </MacroExpansion>
      <AdditionalOptions>
      </AdditionalOptions>
   </TestAction>
   <LaunchAction
      buildConfiguration = "Debug"
      selectedDebuggerIdentifier = "Xcode.DebuggerFoundation.Debugger.LLDB"
      selectedLauncherIdentifier = "Xcode.DebuggerFoundation.Launcher.LLDB"
      launchStyle = "0"
      useCustomWorkingDirectory = "YES"
      customWorkingDirectory = "/Users/steja_nedunuri/Documents/Graduate School/Semester III/Operating Systems/Scheduler Lab/OS Scheduler Lab/OS Scheduler Lab"
      ignoresPersistentStateOnLaunch = "NO"
      debugDocumentVersioning = "YES"
      debugServiceExtension = "internal"
      allowLocationSimulation = "YES">
      <BuildableProductRunnable
         runnableDebuggingMode = "0">
         <BuildableReference
            BuildableIdentifier = "primary"
            BlueprintIdentifier = "076557281C8C99DF00D92B22"
            BuildableName = "OS Scheduler Lab"
            BlueprintName = "OS Scheduler Lab"
            ReferencedContainer = "container:OS Scheduler Lab.xcodeproj">
         </BuildableReference>
      </BuildableProductRunnable>
      <CommandLineArguments>
         <CommandLineArgument
            argument = "-v"
            isEnabled = "YES">
         </CommandLineArgument>
         <CommandLineArgument
            argument = "-s P2"
            isEnabled = "YES">
         </CommandLineArgument>
         <CommandLineArgument
            argument = "&quot;/Users/steja_nedunuri/Documents/Graduate School/Semester III/Operating Systems/Scheduler Lab/lab2_assign/input2&quot;"
            isEnabled = "YES">
         </CommandLineArgument>
         <CommandLineArgument
            argument = "&quot;/Users/steja_nedunuri/Documents/Graduate School/Semester III/Operating Systems/Scheduler Lab/lab2_assign/rfile&quot;"
            isEnabled = "YES">
         </CommandLineArgument>
      </CommandLineArguments>
      <AdditionalOptions>
      </AdditionalOptions>
   </LaunchAction>
   <ProfileAction
      buildConfiguration = "Release"
      shouldUseLaunchSchemeArgsEnv = "YES"
      savedToolIdentifier = ""
      useCustomWorkingDirectory = "NO"
      debugDocumentVersioning = "YES">
      <BuildableProductRunnable
         runnableDebuggingMode = "0">
         <BuildableReference
            BuildableIdentifier = "primary"
            BlueprintIdentifier = "076557281C8C99DF00D92B22"
            BuildableName = "OS Scheduler Lab"
            BlueprintName = "OS Scheduler Lab"
            ReferencedContainer = "container:OS Scheduler Lab.xcodeproj">
         </BuildableReference>
      </BuildableProductRunnable>
   </ProfileAction>
   <AnalyzeAction
      buildConfiguration = "Debug">
   </AnalyzeAction>
   <ArchiveAction
      buildConfiguration = "Release"
      revealArchiveInOrganizer = "YES">
   </ArchiveAction>
</Scheme>
