// !$*UTF8*$!
{
	archiveVersion = 1;
	classes = {
	};
	objectVersion = 46;
	objects = {

/* Begin PBXBuildFile section */
		073562521CC311A700ADF45D /* main.cpp in Sources */ = {isa = PBXBuildFile; fileRef = 073562511CC311A700ADF45D /* main.cpp */; };
		0735625D1CC314E300ADF45D /* Scheduler.cpp in Sources */ = {isa = PBXBuildFile; fileRef = 0735625B1CC314E300ADF45D /* Scheduler.cpp */; };
		07D4BC041CD1715F000B3362 /* SimulationManager.cpp in Sources */ = {isa = PBXBuildFile; fileRef = 07D4BC031CD1715F000B3362 /* SimulationManager.cpp */; };
/* End PBXBuildFile section */

/* Begin PBXCopyFilesBuildPhase section */
		0735624C1CC311A700ADF45D /* CopyFiles */ = {
			isa = PBXCopyFilesBuildPhase;
			buildActionMask = 2147483647;
			dstPath = /usr/share/man/man1/;
			dstSubfolderSpec = 0;
			files = (
			);
			runOnlyForDeploymentPostprocessing = 1;
		};
/* End PBXCopyFilesBuildPhase section */

/* Begin PBXFileReference section */
		0735624E1CC311A700ADF45D /* IO Lab */ = {isa = PBXFileReference; explicitFileType = "compiled.mach-o.executable"; includeInIndex = 0; path = "IO Lab"; sourceTree = BUILT_PRODUCTS_DIR; };
		073562511CC311A700ADF45D /* main.cpp */ = {isa = PBXFileReference; lastKnownFileType = sourcecode.cpp.cpp; path = main.cpp; sourceTree = "<group>"; };
		073562591CC311CE00ADF45D /* SimulationManager.hpp */ = {isa = PBXFileReference; fileEncoding = 4; lastKnownFileType = sourcecode.cpp.h; path = SimulationManager.hpp; sourceTree = "<group>"; };
		0735625B1CC314E300ADF45D /* Scheduler.cpp */ = {isa = PBXFileReference; fileEncoding = 4; lastKnownFileType = sourcecode.cpp.cpp; path = Scheduler.cpp; sourceTree = "<group>"; };
		0735625C1CC314E300ADF45D /* Scheduler.hpp */ = {isa = PBXFileReference; fileEncoding = 4; lastKnownFileType = sourcecode.cpp.h; path = Scheduler.hpp; sourceTree = "<group>"; };
		07D4BC021CCD2A38000B3362 /* Operation.h */ = {isa = PBXFileReference; lastKnownFileType = sourcecode.c.h; path = Operation.h; sourceTree = "<group>"; };
		07D4BC031CD1715F000B3362 /* SimulationManager.cpp */ = {isa = PBXFileReference; fileEncoding = 4; lastKnownFileType = sourcecode.cpp.cpp; path = SimulationManager.cpp; sourceTree = "<group>"; };
/* End PBXFileReference section */

/* Begin PBXFrameworksBuildPhase section */
		0735624B1CC311A700ADF45D /* Frameworks */ = {
			isa = PBXFrameworksBuildPhase;
			buildActionMask = 2147483647;
			files = (
			);
			runOnlyForDeploymentPostprocessing = 0;
		};
/* End PBXFrameworksBuildPhase section */

/* Begin PBXGroup section */
		073562451CC311A700ADF45D = {
			isa = PBXGroup;
			children = (
				073562501CC311A700ADF45D /* IO Lab */,
				0735624F1CC311A700ADF45D /* Products */,
			);
			sourceTree = "<group>";
		};
		0735624F1CC311A700ADF45D /* Products */ = {
			isa = PBXGroup;
			children = (
				0735624E1CC311A700ADF45D /* IO Lab */,
			);
			name = Products;
			sourceTree = "<group>";
		};
		073562501CC311A700ADF45D /* IO Lab */ = {
			isa = PBXGroup;
			children = (
				073562511CC311A700ADF45D /* main.cpp */,
				07D4BC031CD1715F000B3362 /* SimulationManager.cpp */,
				073562591CC311CE00ADF45D /* SimulationManager.hpp */,
				0735625B1CC314E300ADF45D /* Scheduler.cpp */,
				0735625C1CC314E300ADF45D /* Scheduler.hpp */,
				07D4BC021CCD2A38000B3362 /* Operation.h */,
			);
			path = "IO Lab";
			sourceTree = "<group>";
		};
/* End PBXGroup section */

/* Begin PBXNativeTarget section */
		0735624D1CC311A700ADF45D /* IO Lab */ = {
			isa = PBXNativeTarget;
			buildConfigurationList = 073562551CC311A700ADF45D /* Build configuration list for PBXNativeTarget "IO Lab" */;
			buildPhases = (
				0735624A1CC311A700ADF45D /* Sources */,
				0735624B1CC311A700ADF45D /* Frameworks */,
				0735624C1CC311A700ADF45D /* CopyFiles */,
			);
			buildRules = (
			);
			dependencies = (
			);
			name = "IO Lab";
			productName = "IO Lab";
			productReference = 0735624E1CC311A700ADF45D /* IO Lab */;
			productType = "com.apple.product-type.tool";
		};
/* End PBXNativeTarget section */

/* Begin PBXProject section */
		073562461CC311A700ADF45D /* Project object */ = {
			isa = PBXProject;
			attributes = {
				LastUpgradeCheck = 0730;
				ORGANIZATIONNAME = " Satya Nedunuri";
				TargetAttributes = {
					0735624D1CC311A700ADF45D = {
						CreatedOnToolsVersion = 7.3;
					};
				};
			};
			buildConfigurationList = 073562491CC311A700ADF45D /* Build configuration list for PBXProject "IO Lab" */;
			compatibilityVersion = "Xcode 3.2";
			developmentRegion = English;
			hasScannedForEncodings = 0;
			knownRegions = (
				en,
			);
			mainGroup = 073562451CC311A700ADF45D;
			productRefGroup = 0735624F1CC311A700ADF45D /* Products */;
			projectDirPath = "";
			projectRoot = "";
			targets = (
				0735624D1CC311A700ADF45D /* IO Lab */,
			);
		};
/* End PBXProject section */

/* Begin PBXSourcesBuildPhase section */
		0735624A1CC311A700ADF45D /* Sources */ = {
			isa = PBXSourcesBuildPhase;
			buildActionMask = 2147483647;
			files = (
				0735625D1CC314E300ADF45D /* Scheduler.cpp in Sources */,
				07D4BC041CD1715F000B3362 /* SimulationManager.cpp in Sources */,
				073562521CC311A700ADF45D /* main.cpp in Sources */,
			);
			runOnlyForDeploymentPostprocessing = 0;
		};
/* End PBXSourcesBuildPhase section */

/* Begin XCBuildConfiguration section */
		073562531CC311A700ADF45D /* Debug */ = {
			isa = XCBuildConfiguration;
			buildSettings = {
				ALWAYS_SEARCH_USER_PATHS = NO;
				CLANG_ANALYZER_NONNULL = YES;
				CLANG_CXX_LANGUAGE_STANDARD = "gnu++0x";
				CLANG_CXX_LIBRARY = "libc++";
				CLANG_ENABLE_MODULES = YES;
				CLANG_ENABLE_OBJC_ARC = YES;
				CLANG_WARN_BOOL_CONVERSION = YES;
				CLANG_WARN_CONSTANT_CONVERSION = YES;
				CLANG_WARN_DIRECT_OBJC_ISA_USAGE = YES_ERROR;
				CLANG_WARN_EMPTY_BODY = YES;
				CLANG_WARN_ENUM_CONVERSION = YES;
				CLANG_WARN_INT_CONVERSION = YES;
				CLANG_WARN_OBJC_ROOT_CLASS = YES_ERROR;
				CLANG_WARN_UNREACHABLE_CODE = YES;
				CLANG_WARN__DUPLICATE_METHOD_MATCH = YES;
				CODE_SIGN_IDENTITY = "-";
				COPY_PHASE_STRIP = NO;
				DEBUG_INFORMATION_FORMAT = dwarf;
				ENABLE_STRICT_OBJC_MSGSEND = YES;
				ENABLE_TESTABILITY = YES;
				GCC_C_LANGUAGE_STANDARD = gnu99;
				GCC_DYNAMIC_NO_PIC = NO;
				GCC_NO_COMMON_BLOCKS = YES;
				GCC_OPTIMIZATION_LEVEL = 0;
				GCC_PREPROCESSOR_DEFINITIONS = (
					"DEBUG=1",
					"$(inherited)",
				);
				GCC_WARN_64_TO_32_BIT_CONVERSION = YES;
				GCC_WARN_ABOUT_RETURN_TYPE = YES_ERROR;
				GCC_WARN_UNDECLARED_SELECTOR = YES;
				GCC_WARN_UNINITIALIZED_AUTOS = YES_AGGRESSIVE;
				GCC_WARN_UNUSED_FUNCTION = YES;
				GCC_WARN_UNUSED_VARIABLE = YES;
				MACOSX_DEPLOYMENT_TARGET = 10.11;
				MTL_ENABLE_DEBUG_INFO = YES;
				ONLY_ACTIVE_ARCH = YES;
				SDKROOT = macosx;
			};
			name = Debug;
		};
		073562541CC311A700ADF45D /* Release */ = {
			isa = XCBuildConfiguration;
			buildSettings = {
				ALWAYS_SEARCH_USER_PATHS = NO;
				CLANG_ANALYZER_NONNULL = YES;
				CLANG_CXX_LANGUAGE_STANDARD = "gnu++0x";
				CLANG_CXX_LIBRARY = "libc++";
				CLANG_ENABLE_MODULES = YES;
				CLANG_ENABLE_OBJC_ARC = YES;
				CLANG_WARN_BOOL_CONVERSION = YES;
				CLANG_WARN_CONSTANT_CONVERSION = YES;
				CLANG_WARN_DIRECT_OBJC_ISA_USAGE = YES_ERROR;
				CLANG_WARN_EMPTY_BODY = YES;
				CLANG_WARN_ENUM_CONVERSION = YES;
				CLANG_WARN_INT_CONVERSION = YES;
				CLANG_WARN_OBJC_ROOT_CLASS = YES_ERROR;
				CLANG_WARN_UNREACHABLE_CODE = YES;
				CLANG_WARN__DUPLICATE_METHOD_MATCH = YES;
				CODE_SIGN_IDENTITY = "-";
				COPY_PHASE_STRIP = NO;
				DEBUG_INFORMATION_FORMAT = "dwarf-with-dsym";
				ENABLE_NS_ASSERTIONS = NO;
				ENABLE_STRICT_OBJC_MSGSEND = YES;
				GCC_C_LANGUAGE_STANDARD = gnu99;
				GCC_NO_COMMON_BLOCKS = YES;
				GCC_WARN_64_TO_32_BIT_CONVERSION = YES;
				GCC_WARN_ABOUT_RETURN_TYPE = YES_ERROR;
				GCC_WARN_UNDECLARED_SELECTOR = YES;
				GCC_WARN_UNINITIALIZED_AUTOS = YES_AGGRESSIVE;
				GCC_WARN_UNUSED_FUNCTION = YES;
				GCC_WARN_UNUSED_VARIABLE = YES;
				MACOSX_DEPLOYMENT_TARGET = 10.11;
				MTL_ENABLE_DEBUG_INFO = NO;
				SDKROOT = macosx;
			};
			name = Release;
		};
		073562561CC311A700ADF45D /* Debug */ = {
			isa = XCBuildConfiguration;
			buildSettings = {
				PRODUCT_NAME = "$(TARGET_NAME)";
			};
			name = Debug;
		};
		073562571CC311A700ADF45D /* Release */ = {
			isa = XCBuildConfiguration;
			buildSettings = {
				PRODUCT_NAME = "$(TARGET_NAME)";
			};
			name = Release;
		};
/* End XCBuildConfiguration section */

/* Begin XCConfigurationList section */
		073562491CC311A700ADF45D /* Build configuration list for PBXProject "IO Lab" */ = {
			isa = XCConfigurationList;
			buildConfigurations = (
				073562531CC311A700ADF45D /* Debug */,
				073562541CC311A700ADF45D /* Release */,
			);
			defaultConfigurationIsVisible = 0;
			defaultConfigurationName = Release;
		};
		073562551CC311A700ADF45D /* Build configuration list for PBXNativeTarget "IO Lab" */ = {
			isa = XCConfigurationList;
			buildConfigurations = (
				073562561CC311A700ADF45D /* Debug */,
				073562571CC311A700ADF45D /* Release */,
			);
			defaultConfigurationIsVisible = 0;
			defaultConfigurationName = Release;
		};
/* End XCConfigurationList section */
	};
	rootObject = 073562461CC311A700ADF45D /* Project object */;
}
