// !$*UTF8*$!
{
	archiveVersion = 1;
	classes = {
	};
	objectVersion = 46;
	objects = {

/* Begin PBXBuildFile section */
		0765572D1C8C99DF00D92B22 /* main.cpp in Sources */ = {isa = PBXBuildFile; fileRef = 0765572C1C8C99DF00D92B22 /* main.cpp */; };
		076557371C8CABEC00D92B22 /* SimulationManager.cpp in Sources */ = {isa = PBXBuildFile; fileRef = 076557351C8CABEC00D92B22 /* SimulationManager.cpp */; };
/* End PBXBuildFile section */

/* Begin PBXCopyFilesBuildPhase section */
		076557271C8C99DF00D92B22 /* CopyFiles */ = {
			isa = PBXCopyFilesBuildPhase;
			buildActionMask = 2147483647;
			dstPath = /usr/share/man/man1/;
			dstSubfolderSpec = 0;
			files = (
			);
			runOnlyForDeploymentPostprocessing = 1;
		};
/* End PBXCopyFilesBuildPhase section */

/* Begin PBXFileReference section */
		076557291C8C99DF00D92B22 /* OS Scheduler Lab */ = {isa = PBXFileReference; explicitFileType = "compiled.mach-o.executable"; includeInIndex = 0; path = "OS Scheduler Lab"; sourceTree = BUILT_PRODUCTS_DIR; };
		0765572C1C8C99DF00D92B22 /* main.cpp */ = {isa = PBXFileReference; lastKnownFileType = sourcecode.cpp.cpp; path = main.cpp; sourceTree = "<group>"; };
		076557351C8CABEC00D92B22 /* SimulationManager.cpp */ = {isa = PBXFileReference; fileEncoding = 4; lastKnownFileType = sourcecode.cpp.cpp; path = SimulationManager.cpp; sourceTree = "<group>"; };
		076557361C8CABEC00D92B22 /* SimulationManager.hpp */ = {isa = PBXFileReference; fileEncoding = 4; lastKnownFileType = sourcecode.cpp.h; path = SimulationManager.hpp; sourceTree = "<group>"; };
		0765573A1C8CC5BC00D92B22 /* Process.hpp */ = {isa = PBXFileReference; fileEncoding = 4; lastKnownFileType = sourcecode.cpp.h; path = Process.hpp; sourceTree = "<group>"; };
		076557401C8CD93800D92B22 /* Event.hpp */ = {isa = PBXFileReference; fileEncoding = 4; lastKnownFileType = sourcecode.cpp.h; path = Event.hpp; sourceTree = "<group>"; };
		076557431C8E095F00D92B22 /* Scheduler.hpp */ = {isa = PBXFileReference; fileEncoding = 4; lastKnownFileType = sourcecode.cpp.h; path = Scheduler.hpp; sourceTree = "<group>"; };
		076557461C8E1BC000D92B22 /* FCFSScheduler.hpp */ = {isa = PBXFileReference; fileEncoding = 4; lastKnownFileType = sourcecode.cpp.h; path = FCFSScheduler.hpp; sourceTree = "<group>"; };
		076557491C8E1F9400D92B22 /* LCFSScheduler.hpp */ = {isa = PBXFileReference; fileEncoding = 4; lastKnownFileType = sourcecode.cpp.h; path = LCFSScheduler.hpp; sourceTree = "<group>"; };
		0765574F1C8E20A800D92B22 /* RRScheduler.hpp */ = {isa = PBXFileReference; fileEncoding = 4; lastKnownFileType = sourcecode.cpp.h; path = RRScheduler.hpp; sourceTree = "<group>"; };
		076557521C8E20FF00D92B22 /* PRIOScheduler.hpp */ = {isa = PBXFileReference; fileEncoding = 4; lastKnownFileType = sourcecode.cpp.h; path = PRIOScheduler.hpp; sourceTree = "<group>"; };
		076557541C93D5A500D92B22 /* SJFScheduler.hpp */ = {isa = PBXFileReference; lastKnownFileType = sourcecode.cpp.h; path = SJFScheduler.hpp; sourceTree = "<group>"; };
/* End PBXFileReference section */

/* Begin PBXFrameworksBuildPhase section */
		076557261C8C99DF00D92B22 /* Frameworks */ = {
			isa = PBXFrameworksBuildPhase;
			buildActionMask = 2147483647;
			files = (
			);
			runOnlyForDeploymentPostprocessing = 0;
		};
/* End PBXFrameworksBuildPhase section */

/* Begin PBXGroup section */
		076557201C8C99DF00D92B22 = {
			isa = PBXGroup;
			children = (
				0765572B1C8C99DF00D92B22 /* OS Scheduler Lab */,
				0765572A1C8C99DF00D92B22 /* Products */,
			);
			sourceTree = "<group>";
		};
		0765572A1C8C99DF00D92B22 /* Products */ = {
			isa = PBXGroup;
			children = (
				076557291C8C99DF00D92B22 /* OS Scheduler Lab */,
			);
			name = Products;
			sourceTree = "<group>";
		};
		0765572B1C8C99DF00D92B22 /* OS Scheduler Lab */ = {
			isa = PBXGroup;
			children = (
				0765572C1C8C99DF00D92B22 /* main.cpp */,
				076557351C8CABEC00D92B22 /* SimulationManager.cpp */,
				076557361C8CABEC00D92B22 /* SimulationManager.hpp */,
				0765573A1C8CC5BC00D92B22 /* Process.hpp */,
				076557401C8CD93800D92B22 /* Event.hpp */,
				076557431C8E095F00D92B22 /* Scheduler.hpp */,
				076557461C8E1BC000D92B22 /* FCFSScheduler.hpp */,
				076557491C8E1F9400D92B22 /* LCFSScheduler.hpp */,
				076557541C93D5A500D92B22 /* SJFScheduler.hpp */,
				0765574F1C8E20A800D92B22 /* RRScheduler.hpp */,
				076557521C8E20FF00D92B22 /* PRIOScheduler.hpp */,
			);
			path = "OS Scheduler Lab";
			sourceTree = "<group>";
		};
/* End PBXGroup section */

/* Begin PBXNativeTarget section */
		076557281C8C99DF00D92B22 /* OS Scheduler Lab */ = {
			isa = PBXNativeTarget;
			buildConfigurationList = 076557301C8C99DF00D92B22 /* Build configuration list for PBXNativeTarget "OS Scheduler Lab" */;
			buildPhases = (
				076557251C8C99DF00D92B22 /* Sources */,
				076557261C8C99DF00D92B22 /* Frameworks */,
				076557271C8C99DF00D92B22 /* CopyFiles */,
			);
			buildRules = (
			);
			dependencies = (
			);
			name = "OS Scheduler Lab";
			productName = "OS Scheduler Lab";
			productReference = 076557291C8C99DF00D92B22 /* OS Scheduler Lab */;
			productType = "com.apple.product-type.tool";
		};
/* End PBXNativeTarget section */

/* Begin PBXProject section */
		076557211C8C99DF00D92B22 /* Project object */ = {
			isa = PBXProject;
			attributes = {
				LastUpgradeCheck = 0720;
				ORGANIZATIONNAME = " Satya Nedunuri";
				TargetAttributes = {
					076557281C8C99DF00D92B22 = {
						CreatedOnToolsVersion = 7.2.1;
					};
				};
			};
			buildConfigurationList = 076557241C8C99DF00D92B22 /* Build configuration list for PBXProject "OS Scheduler Lab" */;
			compatibilityVersion = "Xcode 3.2";
			developmentRegion = English;
			hasScannedForEncodings = 0;
			knownRegions = (
				en,
			);
			mainGroup = 076557201C8C99DF00D92B22;
			productRefGroup = 0765572A1C8C99DF00D92B22 /* Products */;
			projectDirPath = "";
			projectRoot = "";
			targets = (
				076557281C8C99DF00D92B22 /* OS Scheduler Lab */,
			);
		};
/* End PBXProject section */

/* Begin PBXSourcesBuildPhase section */
		076557251C8C99DF00D92B22 /* Sources */ = {
			isa = PBXSourcesBuildPhase;
			buildActionMask = 2147483647;
			files = (
				076557371C8CABEC00D92B22 /* SimulationManager.cpp in Sources */,
				0765572D1C8C99DF00D92B22 /* main.cpp in Sources */,
			);
			runOnlyForDeploymentPostprocessing = 0;
		};
/* End PBXSourcesBuildPhase section */

/* Begin XCBuildConfiguration section */
		0765572E1C8C99DF00D92B22 /* Debug */ = {
			isa = XCBuildConfiguration;
			buildSettings = {
				ALWAYS_SEARCH_USER_PATHS = NO;
				CLANG_CXX_LANGUAGE_STANDARD = "gnu++0x";
				CLANG_CXX_LIBRARY = "libc++";
				CLANG_ENABLE_MODULES = YES;
				CLANG_ENABLE_OBJC_ARC = YES;
				CLANG_WARN_BOOL_CONVERSION = YES;
				CLANG_WARN_CONSTANT_CONVERSION = YES;
				CLANG_WARN_DIRECT_OBJC_ISA_USAGE = YES_ERROR;
				CLANG_WARN_EMPTY_BODY = YES;
				CLANG_WARN_ENUM_CONVERSION = YES;
				CLANG_WARN_INT_CONVERSION = YES;
				CLANG_WARN_OBJC_ROOT_CLASS = YES_ERROR;
				CLANG_WARN_UNREACHABLE_CODE = YES;
				CLANG_WARN__DUPLICATE_METHOD_MATCH = YES;
				CODE_SIGN_IDENTITY = "-";
				COPY_PHASE_STRIP = NO;
				DEBUG_INFORMATION_FORMAT = dwarf;
				ENABLE_STRICT_OBJC_MSGSEND = YES;
				ENABLE_TESTABILITY = YES;
				GCC_C_LANGUAGE_STANDARD = gnu99;
				GCC_DYNAMIC_NO_PIC = NO;
				GCC_NO_COMMON_BLOCKS = YES;
				GCC_OPTIMIZATION_LEVEL = 0;
				GCC_PREPROCESSOR_DEFINITIONS = (
					"DEBUG=1",
					"$(inherited)",
				);
				GCC_WARN_64_TO_32_BIT_CONVERSION = YES;
				GCC_WARN_ABOUT_RETURN_TYPE = YES_ERROR;
				GCC_WARN_UNDECLARED_SELECTOR = YES;
				GCC_WARN_UNINITIALIZED_AUTOS = YES_AGGRESSIVE;
				GCC_WARN_UNUSED_FUNCTION = YES;
				GCC_WARN_UNUSED_VARIABLE = YES;
				MACOSX_DEPLOYMENT_TARGET = 10.11;
				MTL_ENABLE_DEBUG_INFO = YES;
				ONLY_ACTIVE_ARCH = YES;
				SDKROOT = macosx;
			};
			name = Debug;
		};
		0765572F1C8C99DF00D92B22 /* Release */ = {
			isa = XCBuildConfiguration;
			buildSettings = {
				ALWAYS_SEARCH_USER_PATHS = NO;
				CLANG_CXX_LANGUAGE_STANDARD = "gnu++0x";
				CLANG_CXX_LIBRARY = "libc++";
				CLANG_ENABLE_MODULES = YES;
				CLANG_ENABLE_OBJC_ARC = YES;
				CLANG_WARN_BOOL_CONVERSION = YES;
				CLANG_WARN_CONSTANT_CONVERSION = YES;
				CLANG_WARN_DIRECT_OBJC_ISA_USAGE = YES_ERROR;
				CLANG_WARN_EMPTY_BODY = YES;
				CLANG_WARN_ENUM_CONVERSION = YES;
				CLANG_WARN_INT_CONVERSION = YES;
				CLANG_WARN_OBJC_ROOT_CLASS = YES_ERROR;
				CLANG_WARN_UNREACHABLE_CODE = YES;
				CLANG_WARN__DUPLICATE_METHOD_MATCH = YES;
				CODE_SIGN_IDENTITY = "-";
				COPY_PHASE_STRIP = NO;
				DEBUG_INFORMATION_FORMAT = "dwarf-with-dsym";
				ENABLE_NS_ASSERTIONS = NO;
				ENABLE_STRICT_OBJC_MSGSEND = YES;
				GCC_C_LANGUAGE_STANDARD = gnu99;
				GCC_NO_COMMON_BLOCKS = YES;
				GCC_WARN_64_TO_32_BIT_CONVERSION = YES;
				GCC_WARN_ABOUT_RETURN_TYPE = YES_ERROR;
				GCC_WARN_UNDECLARED_SELECTOR = YES;
				GCC_WARN_UNINITIALIZED_AUTOS = YES_AGGRESSIVE;
				GCC_WARN_UNUSED_FUNCTION = YES;
				GCC_WARN_UNUSED_VARIABLE = YES;
				MACOSX_DEPLOYMENT_TARGET = 10.11;
				MTL_ENABLE_DEBUG_INFO = NO;
				SDKROOT = macosx;
			};
			name = Release;
		};
		076557311C8C99DF00D92B22 /* Debug */ = {
			isa = XCBuildConfiguration;
			buildSettings = {
				PRODUCT_NAME = "$(TARGET_NAME)";
			};
			name = Debug;
		};
		076557321C8C99DF00D92B22 /* Release */ = {
			isa = XCBuildConfiguration;
			buildSettings = {
				PRODUCT_NAME = "$(TARGET_NAME)";
			};
			name = Release;
		};
/* End XCBuildConfiguration section */

/* Begin XCConfigurationList section */
		076557241C8C99DF00D92B22 /* Build configuration list for PBXProject "OS Scheduler Lab" */ = {
			isa = XCConfigurationList;
			buildConfigurations = (
				0765572E1C8C99DF00D92B22 /* Debug */,
				0765572F1C8C99DF00D92B22 /* Release */,
			);
			defaultConfigurationIsVisible = 0;
			defaultConfigurationName = Release;
		};
		076557301C8C99DF00D92B22 /* Build configuration list for PBXNativeTarget "OS Scheduler Lab" */ = {
			isa = XCConfigurationList;
			buildConfigurations = (
				076557311C8C99DF00D92B22 /* Debug */,
				076557321C8C99DF00D92B22 /* Release */,
			);
			defaultConfigurationIsVisible = 0;
			defaultConfigurationName = Release;
		};
/* End XCConfigurationList section */
	};
	rootObject = 076557211C8C99DF00D92B22 /* Project object */;
}
